lockfileVersion: '9.0'

settings:
  autoInstallPeers: true
  excludeLinksFromLockfile: false

importers:

  .:
    devDependencies:
      is-ci:
        specifier: ^4.1.0
        version: 4.1.0

packages:

  ci-info@4.4.0:
    resolution: {integrity: sha512-77PSwercCZU2Fc4sX94eF8k8Pxte6JAwL4/ICZLFjJLqegs7kCuAsqqj/70NQF6TvDpgFjkubQB2FW2ZZddvQg==}
    engines: {node: '>=8'}

  is-ci@4.1.0:
    resolution: {integrity: sha512-Ab9bQDQ11lWootZUI5qxgN2ZXwxNI5hTwnsvOc1wyxQ7zQ8OkEDw79mI0+9jI3x432NfwbVRru+3noJfXF6lSQ==}
    hasBin: true

snapshots:

  ci-info@4.4.0: {}

  is-ci@4.1.0:
    dependencies:
      ci-info: 4.4.0
